
Microsoft Visual Studio Solution File, Format Version 12.00
# Visual Studio Version 17
VisualStudioVersion = 17.2.32630.192
MinimumVisualStudioVersion = 10.0.40219.1
Project("{FAE04EC0-301F-11D3-BF4B-00C04F79EFBC}") = "Homework_04", "Homework_04\Homework_04.csproj", "{8C77D5A7-B7E2-46F7-A747-58AAE92B1A94}"
EndProject
Project("{FAE04EC0-301F-11D3-BF4B-00C04F79EFBC}") = "Homework.Utility", "Homework.Utility\Homework.Utility.csproj", "{76DFF19F-E4D4-49DF-88B3-F37050F89C3A}"
EndProject
Global
	GlobalSection(SolutionConfigurationPlatforms) = preSolution
		Debug|Any CPU = Debug|Any CPU
		Release|Any CPU = Release|Any CPU
	EndGlobalSection
	GlobalSection(ProjectConfigurationPlatforms) = postSolution
		{8C77D5A7-B7E2-46F7-A747-58AAE92B1A94}.Debug|Any CPU.ActiveCfg = Debug|Any CPU
		{8C77D5A7-B7E2-46F7-A747-58AAE92B1A94}.Debug|Any CPU.Build.0 = Debug|Any CPU
		{8C77D5A7-B7E2-46F7-A747-58AAE92B1A94}.Release|Any CPU.ActiveCfg = Release|Any CPU
		{8C77D5A7-B7E2-46F7-A747-58AAE92B1A94}.Release|Any CPU.Build.0 = Release|Any CPU
		{76DFF19F-E4D4-49DF-88B3-F37050F89C3A}.Debug|Any CPU.ActiveCfg = Debug|Any CPU
		{76DFF19F-E4D4-49DF-88B3-F37050F89C3A}.Debug|Any CPU.Build.0 = Debug|Any CPU
		{76DFF19F-E4D4-49DF-88B3-F37050F89C3A}.Release|Any CPU.ActiveCfg = Release|Any CPU
		{76DFF19F-E4D4-49DF-88B3-F37050F89C3A}.Release|Any CPU.Build.0 = Release|Any CPU
	EndGlobalSection
	GlobalSection(SolutionProperties) = preSolution
		HideSolutionNode = FALSE
	EndGlobalSection
	GlobalSection(ExtensibilityGlobals) = postSolution
		SolutionGuid = {EAD574C8-8B70-4456-A753-B31B23EDFE3D}
	EndGlobalSection
EndGlobal
